<?xml version="1.0"?>
<CONFIG>
  <ProjectOptions>
    <Version Value="9"/>
    <General>
      <MainUnit Value="0"/>
      <ResourceType Value="res"/>
      <UseXPManifest Value="True"/>
      <Icon Value="0"/>
      <ActiveWindowIndexAtStart Value="0"/>
    </General>
    <i18n>
      <EnableI18N LFM="False"/>
    </i18n>
    <VersionInfo>
      <StringTable ProductVersion=""/>
    </VersionInfo>
    <BuildModes Count="1" Active="Default">
      <Item1 Name="Default" Default="True"/>
    </BuildModes>
    <PublishOptions>
      <Version Value="2"/>
      <IncludeFileFilter Value="*.(pas|pp|inc|lfm|lpr|lrs|lpi|lpk|sh|xml)"/>
      <ExcludeFileFilter Value="*.(bak|ppu|o|so);*~;backup"/>
    </PublishOptions>
    <RunParams>
      <local>
        <FormatVersion Value="1"/>
      </local>
    </RunParams>
    <RequiredPackages Count="1">
      <Item1>
        <PackageName Value="LCL"/>
      </Item1>
    </RequiredPackages>
    <Units Count="29">
      <Unit0>
        <Filename Value="pinball.lpr"/>
        <IsPartOfProject Value="True"/>
        <UnitName Value="pinball"/>
        <UsageCount Value="41"/>
      </Unit0>
      <Unit1>
        <Filename Value="main.pas"/>
        <IsPartOfProject Value="True"/>
        <ComponentName Value="Form1"/>
        <ResourceBaseClass Value="Form"/>
        <UnitName Value="main"/>
        <EditorIndex Value="0"/>
        <WindowIndex Value="0"/>
        <TopLine Value="22"/>
        <CursorPos X="30" Y="43"/>
        <UsageCount Value="41"/>
        <Loaded Value="True"/>
        <LoadedDesigner Value="True"/>
      </Unit1>
      <Unit2>
        <Filename Value="ontheair/abstractcollection.pas"/>
        <UnitName Value="AbstractCollection"/>
        <WindowIndex Value="0"/>
        <TopLine Value="1"/>
        <CursorPos X="17" Y="11"/>
        <UsageCount Value="19"/>
      </Unit2>
      <Unit3>
        <Filename Value="ontheair/callbackcollection.pas"/>
        <IsPartOfProject Value="True"/>
        <UnitName Value="callbackCollection"/>
        <WindowIndex Value="0"/>
        <TopLine Value="1"/>
        <CursorPos X="1" Y="1"/>
        <UsageCount Value="41"/>
      </Unit3>
      <Unit4>
        <Filename Value="ontheair/eventhandler.pas"/>
        <IsPartOfProject Value="True"/>
        <UnitName Value="eventhandler"/>
        <UsageCount Value="41"/>
      </Unit4>
      <Unit5>
        <Filename Value="ontheair/signal.pas"/>
        <IsPartOfProject Value="True"/>
        <UnitName Value="signal"/>
        <EditorIndex Value="8"/>
        <WindowIndex Value="0"/>
        <TopLine Value="1"/>
        <CursorPos X="1" Y="1"/>
        <UsageCount Value="41"/>
        <Loaded Value="True"/>
      </Unit5>
      <Unit6>
        <Filename Value="ontheair/hash/comparable.pas"/>
        <IsPartOfProject Value="True"/>
        <UnitName Value="comparable"/>
        <UsageCount Value="41"/>
      </Unit6>
      <Unit7>
        <Filename Value="ontheair/hash/hashtable.pas"/>
        <IsPartOfProject Value="True"/>
        <UnitName Value="hashtable"/>
        <UsageCount Value="41"/>
      </Unit7>
      <Unit8>
        <Filename Value="ontheair/hash/integerhash.pas"/>
        <IsPartOfProject Value="True"/>
        <UnitName Value="integerhash"/>
        <UsageCount Value="41"/>
      </Unit8>
      <Unit9>
        <Filename Value="ontheair/hash/stringhash.pas"/>
        <IsPartOfProject Value="True"/>
        <UnitName Value="stringhash"/>
        <UsageCount Value="41"/>
      </Unit9>
      <Unit10>
        <Filename Value="/usr/lib/lazarus/lcl/interfaces/carbon/interfaces.pas"/>
        <UnitName Value="Interfaces"/>
        <WindowIndex Value="0"/>
        <TopLine Value="9"/>
        <CursorPos X="2" Y="29"/>
        <UsageCount Value="9"/>
      </Unit10>
      <Unit11>
        <Filename Value="ushape.pas"/>
        <UnitName Value="ushape"/>
        <WindowIndex Value="0"/>
        <TopLine Value="1"/>
        <CursorPos X="22" Y="27"/>
        <UsageCount Value="32"/>
      </Unit11>
      <Unit12>
        <Filename Value="upoint.pas"/>
        <UnitName Value="upoint"/>
        <WindowIndex Value="0"/>
        <TopLine Value="40"/>
        <CursorPos X="8" Y="81"/>
        <UsageCount Value="32"/>
      </Unit12>
      <Unit13>
        <Filename Value="utils.pas"/>
        <UnitName Value="utils"/>
        <WindowIndex Value="0"/>
        <TopLine Value="1"/>
        <CursorPos X="13" Y="11"/>
        <UsageCount Value="29"/>
      </Unit13>
      <Unit14>
        <Filename Value="/usr/lib/lazarus/lcl/include/rasterimage.inc"/>
        <WindowIndex Value="0"/>
        <TopLine Value="495"/>
        <CursorPos X="1" Y="521"/>
        <UsageCount Value="9"/>
      </Unit14>
      <Unit15>
        <Filename Value="/usr/lib/lazarus/lcl/include/custombitmap.inc"/>
        <WindowIndex Value="0"/>
        <TopLine Value="460"/>
        <CursorPos X="1" Y="496"/>
        <UsageCount Value="9"/>
      </Unit15>
      <Unit16>
        <Filename Value="utils/upoint.pas"/>
        <IsPartOfProject Value="True"/>
        <UnitName Value="upoint"/>
        <EditorIndex Value="1"/>
        <WindowIndex Value="0"/>
        <TopLine Value="72"/>
        <CursorPos X="1" Y="37"/>
        <UsageCount Value="25"/>
        <Loaded Value="True"/>
      </Unit16>
      <Unit17>
        <Filename Value="utils/ushape.pas"/>
        <IsPartOfProject Value="True"/>
        <UnitName Value="ushape"/>
        <EditorIndex Value="2"/>
        <WindowIndex Value="0"/>
        <TopLine Value="1"/>
        <CursorPos X="26" Y="7"/>
        <UsageCount Value="25"/>
        <Loaded Value="True"/>
      </Unit17>
      <Unit18>
        <Filename Value="utils/utils.pas"/>
        <IsPartOfProject Value="True"/>
        <UnitName Value="utils"/>
        <UsageCount Value="25"/>
      </Unit18>
      <Unit19>
        <Filename Value="utils/objectcollection.pas"/>
        <IsPartOfProject Value="True"/>
        <UnitName Value="objectcollection"/>
        <UsageCount Value="21"/>
      </Unit19>
      <Unit20>
        <Filename Value="utils/uvector.pas"/>
        <IsPartOfProject Value="True"/>
        <UnitName Value="uvector"/>
        <EditorIndex Value="5"/>
        <WindowIndex Value="0"/>
        <TopLine Value="1"/>
        <CursorPos X="39" Y="21"/>
        <UsageCount Value="21"/>
        <Loaded Value="True"/>
      </Unit20>
      <Unit21>
        <Filename Value="game/ubouncingobject.pas"/>
        <IsPartOfProject Value="True"/>
        <UnitName Value="ubouncingobject"/>
        <EditorIndex Value="7"/>
        <WindowIndex Value="0"/>
        <TopLine Value="1"/>
        <CursorPos X="22" Y="7"/>
        <UsageCount Value="21"/>
        <Loaded Value="True"/>
      </Unit21>
      <Unit22>
        <Filename Value="game/ugamesignals.pas"/>
        <IsPartOfProject Value="True"/>
        <UnitName Value="ugamesignals"/>
        <EditorIndex Value="3"/>
        <WindowIndex Value="0"/>
        <TopLine Value="2"/>
        <CursorPos X="53" Y="23"/>
        <UsageCount Value="21"/>
        <Loaded Value="True"/>
      </Unit22>
      <Unit23>
        <Filename Value="game/umovingobject.pas"/>
        <IsPartOfProject Value="True"/>
        <UnitName Value="umovingobject"/>
        <EditorIndex Value="6"/>
        <WindowIndex Value="0"/>
        <TopLine Value="2"/>
        <CursorPos X="24" Y="39"/>
        <UsageCount Value="21"/>
        <Loaded Value="True"/>
      </Unit23>
      <Unit24>
        <Filename Value="game/uobject.pas"/>
        <IsPartOfProject Value="True"/>
        <UnitName Value="uobject"/>
        <EditorIndex Value="4"/>
        <WindowIndex Value="0"/>
        <TopLine Value="1"/>
        <CursorPos X="50" Y="19"/>
        <UsageCount Value="21"/>
        <Loaded Value="True"/>
      </Unit24>
      <Unit25>
        <Filename Value="/usr/lib/lazarus/lcl/extctrls.pp"/>
        <UnitName Value="ExtCtrls"/>
        <WindowIndex Value="0"/>
        <TopLine Value="760"/>
        <CursorPos X="3" Y="781"/>
        <UsageCount Value="10"/>
      </Unit25>
      <Unit26>
        <Filename Value="/usr/lib/lazarus/lcl/graphics.pp"/>
        <UnitName Value="Graphics"/>
        <WindowIndex Value="0"/>
        <TopLine Value="963"/>
        <CursorPos X="3" Y="984"/>
        <UsageCount Value="10"/>
      </Unit26>
      <Unit27>
        <Filename Value="/usr/lib/fpc/src/rtl/objpas/sysutils/sysstrh.inc"/>
        <WindowIndex Value="0"/>
        <TopLine Value="74"/>
        <CursorPos X="10" Y="115"/>
        <UsageCount Value="10"/>
      </Unit27>
      <Unit28>
        <Filename Value="game/uplayground.pas"/>
        <IsPartOfProject Value="True"/>
        <UnitName Value="uplayground"/>
        <IsVisibleTab Value="True"/>
        <EditorIndex Value="9"/>
        <WindowIndex Value="0"/>
        <TopLine Value="64"/>
        <CursorPos X="11" Y="109"/>
        <UsageCount Value="20"/>
        <Loaded Value="True"/>
      </Unit28>
    </Units>
    <JumpHistory Count="30" HistoryIndex="29">
      <Position1>
        <Filename Value="game/uobject.pas"/>
        <Caret Line="7" Column="23" TopLine="1"/>
      </Position1>
      <Position2>
        <Filename Value="game/uobject.pas"/>
        <Caret Line="24" Column="31" TopLine="3"/>
      </Position2>
      <Position3>
        <Filename Value="main.pas"/>
        <Caret Line="45" Column="7" TopLine="25"/>
      </Position3>
      <Position4>
        <Filename Value="game/uobject.pas"/>
        <Caret Line="31" Column="35" TopLine="1"/>
      </Position4>
      <Position5>
        <Filename Value="main.pas"/>
        <Caret Line="45" Column="7" TopLine="25"/>
      </Position5>
      <Position6>
        <Filename Value="game/uobject.pas"/>
        <Caret Line="7" Column="34" TopLine="1"/>
      </Position6>
      <Position7>
        <Filename Value="game/uobject.pas"/>
        <Caret Line="52" Column="30" TopLine="31"/>
      </Position7>
      <Position8>
        <Filename Value="main.pas"/>
        <Caret Line="43" Column="39" TopLine="1"/>
      </Position8>
      <Position9>
        <Filename Value="game/uobject.pas"/>
        <Caret Line="7" Column="34" TopLine="1"/>
      </Position9>
      <Position10>
        <Filename Value="game/uobject.pas"/>
        <Caret Line="45" Column="15" TopLine="34"/>
      </Position10>
      <Position11>
        <Filename Value="utils/uvector.pas"/>
        <Caret Line="1" Column="1" TopLine="1"/>
      </Position11>
      <Position12>
        <Filename Value="game/umovingobject.pas"/>
        <Caret Line="1" Column="1" TopLine="1"/>
      </Position12>
      <Position13>
        <Filename Value="game/umovingobject.pas"/>
        <Caret Line="7" Column="29" TopLine="1"/>
      </Position13>
      <Position14>
        <Filename Value="game/umovingobject.pas"/>
        <Caret Line="15" Column="88" TopLine="1"/>
      </Position14>
      <Position15>
        <Filename Value="game/umovingobject.pas"/>
        <Caret Line="7" Column="36" TopLine="1"/>
      </Position15>
      <Position16>
        <Filename Value="game/umovingobject.pas"/>
        <Caret Line="17" Column="53" TopLine="1"/>
      </Position16>
      <Position17>
        <Filename Value="game/umovingobject.pas"/>
        <Caret Line="15" Column="96" TopLine="1"/>
      </Position17>
      <Position18>
        <Filename Value="game/umovingobject.pas"/>
        <Caret Line="38" Column="11" TopLine="1"/>
      </Position18>
      <Position19>
        <Filename Value="game/umovingobject.pas"/>
        <Caret Line="37" Column="1" TopLine="2"/>
      </Position19>
      <Position20>
        <Filename Value="game/ubouncingobject.pas"/>
        <Caret Line="1" Column="1" TopLine="1"/>
      </Position20>
      <Position21>
        <Filename Value="game/uplayground.pas"/>
        <Caret Line="1" Column="1" TopLine="1"/>
      </Position21>
      <Position22>
        <Filename Value="game/uplayground.pas"/>
        <Caret Line="13" Column="19" TopLine="1"/>
      </Position22>
      <Position23>
        <Filename Value="game/uplayground.pas"/>
        <Caret Line="21" Column="43" TopLine="1"/>
      </Position23>
      <Position24>
        <Filename Value="game/uplayground.pas"/>
        <Caret Line="7" Column="43" TopLine="1"/>
      </Position24>
      <Position25>
        <Filename Value="game/uplayground.pas"/>
        <Caret Line="21" Column="62" TopLine="1"/>
      </Position25>
      <Position26>
        <Filename Value="game/uplayground.pas"/>
        <Caret Line="48" Column="32" TopLine="32"/>
      </Position26>
      <Position27>
        <Filename Value="game/uplayground.pas"/>
        <Caret Line="66" Column="52" TopLine="51"/>
      </Position27>
      <Position28>
        <Filename Value="game/uplayground.pas"/>
        <Caret Line="120" Column="4" TopLine="80"/>
      </Position28>
      <Position29>
        <Filename Value="game/uplayground.pas"/>
        <Caret Line="25" Column="40" TopLine="4"/>
      </Position29>
      <Position30>
        <Filename Value="game/uplayground.pas"/>
        <Caret Line="118" Column="52" TopLine="80"/>
      </Position30>
    </JumpHistory>
  </ProjectOptions>
  <CompilerOptions>
    <Version Value="9"/>
    <Target>
      <Filename Value="pinball"/>
    </Target>
    <SearchPaths>
      <IncludeFiles Value="$(ProjOutDir)"/>
      <OtherUnitFiles Value="ontheair;ontheair/hash;utils;game"/>
      <UnitOutputDirectory Value="lib/$(TargetCPU)-$(TargetOS)"/>
    </SearchPaths>
    <Parsing>
      <SyntaxOptions>
        <AllowLabel Value="False"/>
      </SyntaxOptions>
    </Parsing>
    <Linking>
      <Options>
        <Win32>
          <GraphicApplication Value="True"/>
        </Win32>
      </Options>
    </Linking>
    <Other>
      <CompilerMessages>
        <UseMsgFile Value="True"/>
      </CompilerMessages>
      <CompilerPath Value="$(CompPath)"/>
    </Other>
  </CompilerOptions>
  <Debugging>
    <Exceptions Count="3">
      <Item1>
        <Name Value="EAbort"/>
      </Item1>
      <Item2>
        <Name Value="ECodetoolError"/>
      </Item2>
      <Item3>
        <Name Value="EFOpenError"/>
      </Item3>
    </Exceptions>
  </Debugging>
</CONFIG>
