<?xml version="1.0"?>
<CONFIG>
  <ProjectOptions>
    <Version Value="9"/>
    <General>
      <MainUnit Value="0"/>
      <ResourceType Value="res"/>
      <UseXPManifest Value="True"/>
      <Icon Value="0"/>
      <ActiveWindowIndexAtStart Value="0"/>
    </General>
    <i18n>
      <EnableI18N LFM="False"/>
    </i18n>
    <VersionInfo>
      <StringTable ProductVersion=""/>
    </VersionInfo>
    <BuildModes Count="1" Active="Default">
      <Item1 Name="Default" Default="True"/>
    </BuildModes>
    <PublishOptions>
      <Version Value="2"/>
      <IncludeFileFilter Value="*.(pas|pp|inc|lfm|lpr|lrs|lpi|lpk|sh|xml)"/>
      <ExcludeFileFilter Value="*.(bak|ppu|o|so);*~;backup"/>
    </PublishOptions>
    <RunParams>
      <local>
        <FormatVersion Value="1"/>
      </local>
    </RunParams>
    <RequiredPackages Count="1">
      <Item1>
        <PackageName Value="LCL"/>
      </Item1>
    </RequiredPackages>
    <Units Count="90">
      <Unit0>
        <Filename Value="pinball.lpr"/>
        <IsPartOfProject Value="True"/>
        <UnitName Value="pinball"/>
        <UsageCount Value="116"/>
      </Unit0>
      <Unit1>
        <Filename Value="main.pas"/>
        <IsPartOfProject Value="True"/>
        <ComponentName Value="Form1"/>
        <ResourceBaseClass Value="Form"/>
        <UnitName Value="main"/>
        <IsVisibleTab Value="True"/>
        <EditorIndex Value="0"/>
        <WindowIndex Value="0"/>
        <TopLine Value="41"/>
        <CursorPos X="62" Y="60"/>
        <UsageCount Value="116"/>
        <Loaded Value="True"/>
        <LoadedDesigner Value="True"/>
      </Unit1>
      <Unit2>
        <Filename Value="ontheair/abstractcollection.pas"/>
        <UnitName Value="AbstractCollection"/>
        <WindowIndex Value="0"/>
        <TopLine Value="1"/>
        <CursorPos X="17" Y="11"/>
        <UsageCount Value="12"/>
      </Unit2>
      <Unit3>
        <Filename Value="ontheair/callbackcollection.pas"/>
        <IsPartOfProject Value="True"/>
        <UnitName Value="callbackCollection"/>
        <WindowIndex Value="0"/>
        <TopLine Value="24"/>
        <CursorPos X="1" Y="55"/>
        <UsageCount Value="116"/>
      </Unit3>
      <Unit4>
        <Filename Value="ontheair/eventhandler.pas"/>
        <IsPartOfProject Value="True"/>
        <UnitName Value="eventhandler"/>
        <WindowIndex Value="0"/>
        <TopLine Value="72"/>
        <CursorPos X="1" Y="111"/>
        <UsageCount Value="116"/>
      </Unit4>
      <Unit5>
        <Filename Value="ontheair/signal.pas"/>
        <IsPartOfProject Value="True"/>
        <UnitName Value="signal"/>
        <WindowIndex Value="0"/>
        <TopLine Value="1"/>
        <CursorPos X="1" Y="1"/>
        <UsageCount Value="116"/>
      </Unit5>
      <Unit6>
        <Filename Value="ontheair/hash/comparable.pas"/>
        <UnitName Value="comparable"/>
        <UsageCount Value="107"/>
      </Unit6>
      <Unit7>
        <Filename Value="ontheair/hash/hashtable.pas"/>
        <UnitName Value="hashtable"/>
        <UsageCount Value="107"/>
      </Unit7>
      <Unit8>
        <Filename Value="ontheair/hash/integerhash.pas"/>
        <UnitName Value="integerhash"/>
        <UsageCount Value="107"/>
      </Unit8>
      <Unit9>
        <Filename Value="ontheair/hash/stringhash.pas"/>
        <UnitName Value="stringhash"/>
        <UsageCount Value="107"/>
      </Unit9>
      <Unit10>
        <Filename Value="/usr/lib/lazarus/lcl/interfaces/carbon/interfaces.pas"/>
        <UnitName Value="Interfaces"/>
        <WindowIndex Value="0"/>
        <TopLine Value="9"/>
        <CursorPos X="2" Y="29"/>
        <UsageCount Value="2"/>
      </Unit10>
      <Unit11>
        <Filename Value="ushape.pas"/>
        <UnitName Value="ushape"/>
        <WindowIndex Value="0"/>
        <TopLine Value="1"/>
        <CursorPos X="22" Y="27"/>
        <UsageCount Value="25"/>
      </Unit11>
      <Unit12>
        <Filename Value="upoint.pas"/>
        <UnitName Value="upoint"/>
        <WindowIndex Value="0"/>
        <TopLine Value="40"/>
        <CursorPos X="8" Y="81"/>
        <UsageCount Value="25"/>
      </Unit12>
      <Unit13>
        <Filename Value="utils.pas"/>
        <UnitName Value="utils"/>
        <WindowIndex Value="0"/>
        <TopLine Value="1"/>
        <CursorPos X="13" Y="11"/>
        <UsageCount Value="22"/>
      </Unit13>
      <Unit14>
        <Filename Value="/usr/lib/lazarus/lcl/include/rasterimage.inc"/>
        <WindowIndex Value="0"/>
        <TopLine Value="495"/>
        <CursorPos X="1" Y="521"/>
        <UsageCount Value="2"/>
      </Unit14>
      <Unit15>
        <Filename Value="/usr/lib/lazarus/lcl/include/custombitmap.inc"/>
        <WindowIndex Value="0"/>
        <TopLine Value="460"/>
        <CursorPos X="1" Y="496"/>
        <UsageCount Value="2"/>
      </Unit15>
      <Unit16>
        <Filename Value="utils/upoint.pas"/>
        <IsPartOfProject Value="True"/>
        <UnitName Value="upoint"/>
        <WindowIndex Value="0"/>
        <TopLine Value="37"/>
        <CursorPos X="1" Y="37"/>
        <UsageCount Value="100"/>
      </Unit16>
      <Unit17>
        <Filename Value="utils/ushape.pas"/>
        <IsPartOfProject Value="True"/>
        <UnitName Value="ushape"/>
        <WindowIndex Value="0"/>
        <TopLine Value="71"/>
        <CursorPos X="15" Y="71"/>
        <UsageCount Value="100"/>
      </Unit17>
      <Unit18>
        <Filename Value="utils/utils.pas"/>
        <IsPartOfProject Value="True"/>
        <UnitName Value="utils"/>
        <UsageCount Value="100"/>
      </Unit18>
      <Unit19>
        <Filename Value="utils/objectcollection.pas"/>
        <IsPartOfProject Value="True"/>
        <UnitName Value="objectcollection"/>
        <WindowIndex Value="0"/>
        <TopLine Value="1"/>
        <CursorPos X="1" Y="1"/>
        <UsageCount Value="96"/>
      </Unit19>
      <Unit20>
        <Filename Value="utils/uvector.pas"/>
        <IsPartOfProject Value="True"/>
        <UnitName Value="uvector"/>
        <WindowIndex Value="0"/>
        <TopLine Value="1"/>
        <CursorPos X="39" Y="21"/>
        <UsageCount Value="96"/>
      </Unit20>
      <Unit21>
        <Filename Value="game/ubouncingobject.pas"/>
        <IsPartOfProject Value="True"/>
        <UnitName Value="ubouncingobject"/>
        <WindowIndex Value="0"/>
        <TopLine Value="1"/>
        <CursorPos X="87" Y="28"/>
        <UsageCount Value="96"/>
      </Unit21>
      <Unit22>
        <Filename Value="game/ugamesignals.pas"/>
        <IsPartOfProject Value="True"/>
        <UnitName Value="ugamesignals"/>
        <WindowIndex Value="0"/>
        <TopLine Value="18"/>
        <CursorPos X="10" Y="32"/>
        <UsageCount Value="96"/>
      </Unit22>
      <Unit23>
        <Filename Value="game/umovingobject.pas"/>
        <IsPartOfProject Value="True"/>
        <UnitName Value="umovingobject"/>
        <WindowIndex Value="0"/>
        <TopLine Value="37"/>
        <CursorPos X="14" Y="58"/>
        <UsageCount Value="96"/>
      </Unit23>
      <Unit24>
        <Filename Value="game/uobject.pas"/>
        <IsPartOfProject Value="True"/>
        <UnitName Value="uobject"/>
        <WindowIndex Value="0"/>
        <TopLine Value="94"/>
        <CursorPos X="111" Y="94"/>
        <UsageCount Value="96"/>
      </Unit24>
      <Unit25>
        <Filename Value="/usr/lib/lazarus/lcl/extctrls.pp"/>
        <UnitName Value="ExtCtrls"/>
        <WindowIndex Value="0"/>
        <TopLine Value="760"/>
        <CursorPos X="3" Y="781"/>
        <UsageCount Value="3"/>
      </Unit25>
      <Unit26>
        <Filename Value="/usr/lib/lazarus/lcl/graphics.pp"/>
        <UnitName Value="Graphics"/>
        <WindowIndex Value="0"/>
        <TopLine Value="963"/>
        <CursorPos X="3" Y="984"/>
        <UsageCount Value="3"/>
      </Unit26>
      <Unit27>
        <Filename Value="/usr/lib/fpc/src/rtl/objpas/sysutils/sysstrh.inc"/>
        <WindowIndex Value="0"/>
        <TopLine Value="74"/>
        <CursorPos X="10" Y="115"/>
        <UsageCount Value="3"/>
      </Unit27>
      <Unit28>
        <Filename Value="game/uplayground.pas"/>
        <IsPartOfProject Value="True"/>
        <UnitName Value="uplayground"/>
        <WindowIndex Value="0"/>
        <TopLine Value="82"/>
        <CursorPos X="7" Y="95"/>
        <UsageCount Value="95"/>
      </Unit28>
      <Unit29>
        <Filename Value="ontheair/stringhash.pas"/>
        <IsPartOfProject Value="True"/>
        <UnitName Value="stringhash"/>
        <WindowIndex Value="0"/>
        <TopLine Value="65"/>
        <CursorPos X="16" Y="102"/>
        <UsageCount Value="28"/>
      </Unit29>
      <Unit30>
        <Filename Value="/usr/lib/lazarus/lcl/include/customform.inc"/>
        <WindowIndex Value="0"/>
        <TopLine Value="59"/>
        <CursorPos X="1" Y="82"/>
        <UsageCount Value="9"/>
      </Unit30>
      <Unit31>
        <Filename Value="/usr/lib/lazarus/lcl/include/application.inc"/>
        <WindowIndex Value="0"/>
        <TopLine Value="2067"/>
        <CursorPos X="1" Y="2090"/>
        <UsageCount Value="9"/>
      </Unit31>
      <Unit32>
        <Filename Value="/usr/lib/lazarus/lcl/include/canvas.inc"/>
        <WindowIndex Value="0"/>
        <TopLine Value="1551"/>
        <CursorPos X="1" Y="1572"/>
        <UsageCount Value="9"/>
      </Unit32>
      <Unit33>
        <Filename Value="utils/bgrabitmap5.7.1/bgraanimatedgif.pas"/>
        <UnitName Value="bgraanimatedgif"/>
        <UsageCount Value="20"/>
      </Unit33>
      <Unit34>
        <Filename Value="utils/bgrabitmap5.7.1/bgrabitmap.pas"/>
        <UnitName Value="bgrabitmap"/>
        <UsageCount Value="20"/>
      </Unit34>
      <Unit35>
        <Filename Value="utils/bgrabitmap5.7.1/bgrabitmappack.lpk"/>
        <UsageCount Value="20"/>
        <DefaultSyntaxHighlighter Value="XML"/>
      </Unit35>
      <Unit36>
        <Filename Value="utils/bgrabitmap5.7.1/bgrabitmappack.pas"/>
        <UnitName Value="bgrabitmappack"/>
        <UsageCount Value="20"/>
      </Unit36>
      <Unit37>
        <Filename Value="utils/bgrabitmap5.7.1/bgrabitmaptypes.pas"/>
        <UnitName Value="bgrabitmaptypes"/>
        <UsageCount Value="20"/>
      </Unit37>
      <Unit38>
        <Filename Value="utils/bgrabitmap5.7.1/bgrablend.pas"/>
        <UnitName Value="bgrablend"/>
        <UsageCount Value="20"/>
      </Unit38>
      <Unit39>
        <Filename Value="utils/bgrabitmap5.7.1/bgracanvas.pas"/>
        <UnitName Value="bgracanvas"/>
        <UsageCount Value="20"/>
      </Unit39>
      <Unit40>
        <Filename Value="utils/bgrabitmap5.7.1/bgracanvas2d.pas"/>
        <UnitName Value="bgracanvas2d"/>
        <UsageCount Value="20"/>
      </Unit40>
      <Unit41>
        <Filename Value="utils/bgrabitmap5.7.1/bgracolorint.pas"/>
        <UnitName Value="bgracolorint"/>
        <UsageCount Value="20"/>
      </Unit41>
      <Unit42>
        <Filename Value="utils/bgrabitmap5.7.1/bgracompressablebitmap.pas"/>
        <UnitName Value="bgracompressablebitmap"/>
        <UsageCount Value="20"/>
      </Unit42>
      <Unit43>
        <Filename Value="utils/bgrabitmap5.7.1/bgracoordpool3d.pas"/>
        <UnitName Value="bgracoordpool3d"/>
        <UsageCount Value="20"/>
      </Unit43>
      <Unit44>
        <Filename Value="utils/bgrabitmap5.7.1/bgradefaultbitmap.pas"/>
        <UnitName Value="bgradefaultbitmap"/>
        <UsageCount Value="20"/>
      </Unit44>
      <Unit45>
        <Filename Value="utils/bgrabitmap5.7.1/bgradnetdeserial.pas"/>
        <UnitName Value="bgradnetdeserial"/>
        <UsageCount Value="20"/>
      </Unit45>
      <Unit46>
        <Filename Value="utils/bgrabitmap5.7.1/bgrafillinfo.pas"/>
        <UnitName Value="bgrafillinfo"/>
        <UsageCount Value="20"/>
      </Unit46>
      <Unit47>
        <Filename Value="utils/bgrabitmap5.7.1/bgrafilters.pas"/>
        <UnitName Value="bgrafilters"/>
        <UsageCount Value="20"/>
      </Unit47>
      <Unit48>
        <Filename Value="utils/bgrabitmap5.7.1/bgragradients.pas"/>
        <UnitName Value="bgragradients"/>
        <UsageCount Value="20"/>
      </Unit48>
      <Unit49>
        <Filename Value="utils/bgrabitmap5.7.1/bgragradientscanner.pas"/>
        <UnitName Value="bgragradientscanner"/>
        <UsageCount Value="20"/>
      </Unit49>
      <Unit50>
        <Filename Value="utils/bgrabitmap5.7.1/bgragtkbitmap.pas"/>
        <UnitName Value="bgragtkbitmap"/>
        <UsageCount Value="20"/>
      </Unit50>
      <Unit51>
        <Filename Value="utils/bgrabitmap5.7.1/bgralayers.pas"/>
        <UnitName Value="bgralayers"/>
        <UsageCount Value="20"/>
      </Unit51>
      <Unit52>
        <Filename Value="utils/bgrabitmap5.7.1/bgramatrix3d.pas"/>
        <UnitName Value="bgramatrix3d"/>
        <UsageCount Value="20"/>
      </Unit52>
      <Unit53>
        <Filename Value="utils/bgrabitmap5.7.1/bgrapaintnet.pas"/>
        <UnitName Value="bgrapaintnet"/>
        <UsageCount Value="20"/>
      </Unit53>
      <Unit54>
        <Filename Value="utils/bgrabitmap5.7.1/bgrapath.pas"/>
        <UnitName Value="bgrapath"/>
        <UsageCount Value="20"/>
      </Unit54>
      <Unit55>
        <Filename Value="utils/bgrabitmap5.7.1/bgrapen.pas"/>
        <UnitName Value="bgrapen"/>
        <UsageCount Value="20"/>
      </Unit55>
      <Unit56>
        <Filename Value="utils/bgrabitmap5.7.1/bgraphongtypes.pas"/>
        <UnitName Value="bgraphongtypes"/>
        <UsageCount Value="20"/>
      </Unit56>
      <Unit57>
        <Filename Value="utils/bgrabitmap5.7.1/bgrapolygon.pas"/>
        <UnitName Value="bgrapolygon"/>
        <UsageCount Value="20"/>
      </Unit57>
      <Unit58>
        <Filename Value="utils/bgrabitmap5.7.1/bgrapolygonaliased.pas"/>
        <UnitName Value="bgrapolygonaliased"/>
        <UsageCount Value="20"/>
      </Unit58>
      <Unit59>
        <Filename Value="utils/bgrabitmap5.7.1/bgraqtbitmap.pas"/>
        <UnitName Value="bgraqtbitmap"/>
        <UsageCount Value="20"/>
      </Unit59>
      <Unit60>
        <Filename Value="utils/bgrabitmap5.7.1/bgraresample.pas"/>
        <UnitName Value="bgraresample"/>
        <UsageCount Value="20"/>
      </Unit60>
      <Unit61>
        <Filename Value="utils/bgrabitmap5.7.1/bgrascene3d.pas"/>
        <UnitName Value="bgrascene3d"/>
        <UsageCount Value="20"/>
      </Unit61>
      <Unit62>
        <Filename Value="utils/bgrabitmap5.7.1/bgrascene3dinterface.inc"/>
        <UsageCount Value="20"/>
      </Unit62>
      <Unit63>
        <Filename Value="utils/bgrabitmap5.7.1/bgrasse.pas"/>
        <UnitName Value="bgrasse"/>
        <UsageCount Value="20"/>
      </Unit63>
      <Unit64>
        <Filename Value="utils/bgrabitmap5.7.1/bgratext.pas"/>
        <UnitName Value="bgratext"/>
        <UsageCount Value="20"/>
      </Unit64>
      <Unit65>
        <Filename Value="utils/bgrabitmap5.7.1/bgratextfx.pas"/>
        <UnitName Value="bgratextfx"/>
        <UsageCount Value="20"/>
      </Unit65>
      <Unit66>
        <Filename Value="utils/bgrabitmap5.7.1/bgratransform.pas"/>
        <UnitName Value="bgratransform"/>
        <UsageCount Value="20"/>
      </Unit66>
      <Unit67>
        <Filename Value="utils/bgrabitmap5.7.1/bgrawinbitmap.pas"/>
        <UnitName Value="bgrawinbitmap"/>
        <UsageCount Value="20"/>
      </Unit67>
      <Unit68>
        <Filename Value="utils/bgrabitmap5.7.1/blurfast.inc"/>
        <UsageCount Value="20"/>
      </Unit68>
      <Unit69>
        <Filename Value="utils/bgrabitmap5.7.1/blurnormal.inc"/>
        <UsageCount Value="20"/>
      </Unit69>
      <Unit70>
        <Filename Value="utils/bgrabitmap5.7.1/COPYING.LGPL.txt"/>
        <UsageCount Value="20"/>
        <DefaultSyntaxHighlighter Value="None"/>
      </Unit70>
      <Unit71>
        <Filename Value="utils/bgrabitmap5.7.1/COPYING.modifiedLGPL.txt"/>
        <UsageCount Value="20"/>
        <DefaultSyntaxHighlighter Value="None"/>
      </Unit71>
      <Unit72>
        <Filename Value="utils/bgrabitmap5.7.1/csscolorconst.inc"/>
        <UsageCount Value="20"/>
      </Unit72>
      <Unit73>
        <Filename Value="utils/bgrabitmap5.7.1/filldensity256.inc"/>
        <UsageCount Value="20"/>
      </Unit73>
      <Unit74>
        <Filename Value="utils/bgrabitmap5.7.1/filldensitysegment256.inc"/>
        <UsageCount Value="20"/>
      </Unit74>
      <Unit75>
        <Filename Value="utils/bgrabitmap5.7.1/lightingclasses3d.inc"/>
        <UsageCount Value="20"/>
      </Unit75>
      <Unit76>
        <Filename Value="utils/bgrabitmap5.7.1/lineartexscan.inc"/>
        <UsageCount Value="20"/>
      </Unit76>
      <Unit77>
        <Filename Value="utils/bgrabitmap5.7.1/lineartexscan2.inc"/>
        <UsageCount Value="20"/>
      </Unit77>
      <Unit78>
        <Filename Value="utils/bgrabitmap5.7.1/multishapeline.inc"/>
        <UsageCount Value="20"/>
      </Unit78>
      <Unit79>
        <Filename Value="utils/bgrabitmap5.7.1/perspectivecolorscan.inc"/>
        <UsageCount Value="20"/>
      </Unit79>
      <Unit80>
        <Filename Value="utils/bgrabitmap5.7.1/perspectivescan.inc"/>
        <UsageCount Value="20"/>
      </Unit80>
      <Unit81>
        <Filename Value="utils/bgrabitmap5.7.1/perspectivescan2.inc"/>
        <UsageCount Value="20"/>
      </Unit81>
      <Unit82>
        <Filename Value="utils/bgrabitmap5.7.1/phongdraw.inc"/>
        <UsageCount Value="20"/>
      </Unit82>
      <Unit83>
        <Filename Value="utils/bgrabitmap5.7.1/phongdrawsse.inc"/>
        <UsageCount Value="20"/>
      </Unit83>
      <Unit84>
        <Filename Value="utils/bgrabitmap5.7.1/phonglight.inc"/>
        <UsageCount Value="20"/>
      </Unit84>
      <Unit85>
        <Filename Value="utils/bgrabitmap5.7.1/phonglightsse.inc"/>
        <UsageCount Value="20"/>
      </Unit85>
      <Unit86>
        <Filename Value="utils/bgrabitmap5.7.1/polyaliaspersp.inc"/>
        <UsageCount Value="20"/>
      </Unit86>
      <Unit87>
        <Filename Value="utils/bgrabitmap5.7.1/readme.txt"/>
        <UsageCount Value="20"/>
        <DefaultSyntaxHighlighter Value="None"/>
      </Unit87>
      <Unit88>
        <Filename Value="utils/bgrabitmap5.7.1/renderdensity256.inc"/>
        <UsageCount Value="20"/>
      </Unit88>
      <Unit89>
        <Filename Value="utils/bgrabitmap5.7.1/shape3D.inc"/>
        <UsageCount Value="20"/>
      </Unit89>
    </Units>
    <JumpHistory Count="10" HistoryIndex="9">
      <Position1>
        <Filename Value="main.pas"/>
        <Caret Line="36" Column="1" TopLine="1"/>
      </Position1>
      <Position2>
        <Filename Value="main.pas"/>
        <Caret Line="36" Column="1" TopLine="1"/>
      </Position2>
      <Position3>
        <Filename Value="main.pas"/>
        <Caret Line="39" Column="1" TopLine="1"/>
      </Position3>
      <Position4>
        <Filename Value="main.pas"/>
        <Caret Line="36" Column="52" TopLine="3"/>
      </Position4>
      <Position5>
        <Filename Value="main.pas"/>
        <Caret Line="35" Column="26" TopLine="2"/>
      </Position5>
      <Position6>
        <Filename Value="main.pas"/>
        <Caret Line="20" Column="68" TopLine="4"/>
      </Position6>
      <Position7>
        <Filename Value="main.pas"/>
        <Caret Line="18" Column="43" TopLine="14"/>
      </Position7>
      <Position8>
        <Filename Value="main.pas"/>
        <Caret Line="19" Column="43" TopLine="14"/>
      </Position8>
      <Position9>
        <Filename Value="main.pas"/>
        <Caret Line="23" Column="19" TopLine="22"/>
      </Position9>
      <Position10>
        <Filename Value="main.pas"/>
        <Caret Line="71" Column="66" TopLine="36"/>
      </Position10>
    </JumpHistory>
  </ProjectOptions>
  <CompilerOptions>
    <Version Value="9"/>
    <Target>
      <Filename Value="pinball"/>
    </Target>
    <SearchPaths>
      <IncludeFiles Value="$(ProjOutDir);utils/bgrabitmap5.7.1"/>
      <OtherUnitFiles Value="ontheair;ontheair/hash;utils;game;utils/bgrabitmap5.7.1"/>
      <UnitOutputDirectory Value="lib/$(TargetCPU)-$(TargetOS)"/>
    </SearchPaths>
    <Parsing>
      <SyntaxOptions>
        <AllowLabel Value="False"/>
      </SyntaxOptions>
    </Parsing>
    <Linking>
      <Options>
        <Win32>
          <GraphicApplication Value="True"/>
        </Win32>
      </Options>
    </Linking>
    <Other>
      <CompilerMessages>
        <UseMsgFile Value="True"/>
      </CompilerMessages>
      <CompilerPath Value="$(CompPath)"/>
    </Other>
  </CompilerOptions>
  <Debugging>
    <Exceptions Count="3">
      <Item1>
        <Name Value="EAbort"/>
      </Item1>
      <Item2>
        <Name Value="ECodetoolError"/>
      </Item2>
      <Item3>
        <Name Value="EFOpenError"/>
      </Item3>
    </Exceptions>
  </Debugging>
</CONFIG>
